
Microsoft Visual Studio Solution File, Format Version 12.00
# Visual Studio Version 17
VisualStudioVersion = 17.0.31903.59
MinimumVisualStudioVersion = 10.0.40219.1
Project("{2150E333-8FDC-42A3-9474-1A3956D46DE8}") = "src", "src", "{62B99294-0EC8-43D4-B907-0537C0F38D88}"
EndProject
Project("{FAE04EC0-301F-11D3-BF4B-00C04F79EFBC}") = "Application", "src\Application\Application.csproj", "{4A8D1112-308A-4DD5-A64F-1A4B2E4D3A84}"
EndProject
Project("{FAE04EC0-301F-11D3-BF4B-00C04F79EFBC}") = "Domain", "src\Domain\Domain.csproj", "{44852014-85EB-4E20-A972-F98A4E7946F0}"
EndProject
Project("{FAE04EC0-301F-11D3-BF4B-00C04F79EFBC}") = "Infrastructure", "src\Infrastructure\Infrastructure.csproj", "{C88AD040-3946-4399-AFD4-4465126CDEF2}"
EndProject
Project("{FAE04EC0-301F-11D3-BF4B-00C04F79EFBC}") = "Web", "src\Web\Web.csproj", "{0CE283AC-2274-4E47-9156-DE7EFA732FC2}"
EndProject
Global
	GlobalSection(SolutionConfigurationPlatforms) = preSolution
		Debug|Any CPU = Debug|Any CPU
		Release|Any CPU = Release|Any CPU
	EndGlobalSection
	GlobalSection(SolutionProperties) = preSolution
		HideSolutionNode = FALSE
	EndGlobalSection
	GlobalSection(ProjectConfigurationPlatforms) = postSolution
		{4A8D1112-308A-4DD5-A64F-1A4B2E4D3A84}.Debug|Any CPU.ActiveCfg = Debug|Any CPU
		{4A8D1112-308A-4DD5-A64F-1A4B2E4D3A84}.Debug|Any CPU.Build.0 = Debug|Any CPU
		{4A8D1112-308A-4DD5-A64F-1A4B2E4D3A84}.Release|Any CPU.ActiveCfg = Release|Any CPU
		{4A8D1112-308A-4DD5-A64F-1A4B2E4D3A84}.Release|Any CPU.Build.0 = Release|Any CPU
		{44852014-85EB-4E20-A972-F98A4E7946F0}.Debug|Any CPU.ActiveCfg = Debug|Any CPU
		{44852014-85EB-4E20-A972-F98A4E7946F0}.Debug|Any CPU.Build.0 = Debug|Any CPU
		{44852014-85EB-4E20-A972-F98A4E7946F0}.Release|Any CPU.ActiveCfg = Release|Any CPU
		{44852014-85EB-4E20-A972-F98A4E7946F0}.Release|Any CPU.Build.0 = Release|Any CPU
		{C88AD040-3946-4399-AFD4-4465126CDEF2}.Debug|Any CPU.ActiveCfg = Debug|Any CPU
		{C88AD040-3946-4399-AFD4-4465126CDEF2}.Debug|Any CPU.Build.0 = Debug|Any CPU
		{C88AD040-3946-4399-AFD4-4465126CDEF2}.Release|Any CPU.ActiveCfg = Release|Any CPU
		{C88AD040-3946-4399-AFD4-4465126CDEF2}.Release|Any CPU.Build.0 = Release|Any CPU
		{0CE283AC-2274-4E47-9156-DE7EFA732FC2}.Debug|Any CPU.ActiveCfg = Debug|Any CPU
		{0CE283AC-2274-4E47-9156-DE7EFA732FC2}.Debug|Any CPU.Build.0 = Debug|Any CPU
		{0CE283AC-2274-4E47-9156-DE7EFA732FC2}.Release|Any CPU.ActiveCfg = Release|Any CPU
		{0CE283AC-2274-4E47-9156-DE7EFA732FC2}.Release|Any CPU.Build.0 = Release|Any CPU
	EndGlobalSection
	GlobalSection(NestedProjects) = preSolution
		{4A8D1112-308A-4DD5-A64F-1A4B2E4D3A84} = {62B99294-0EC8-43D4-B907-0537C0F38D88}
		{44852014-85EB-4E20-A972-F98A4E7946F0} = {62B99294-0EC8-43D4-B907-0537C0F38D88}
		{C88AD040-3946-4399-AFD4-4465126CDEF2} = {62B99294-0EC8-43D4-B907-0537C0F38D88}
		{0CE283AC-2274-4E47-9156-DE7EFA732FC2} = {62B99294-0EC8-43D4-B907-0537C0F38D88}
	EndGlobalSection
EndGlobal
